
Microsoft Visual Studio Solution File, Format Version 12.00
# Visual Studio 15
VisualStudioVersion = 15.0.28307.705
MinimumVisualStudioVersion = 10.0.40219.1
Project("{FAE04EC0-301F-11D3-BF4B-00C04F79EFBC}") = "CleanArchitecture.Core", "ShopList\src\CleanArchitecture.Core\CleanArchitecture.Core.csproj", "{5BD435E8-8FF2-49D9-BE28-15EAED4BF3E6}"
EndProject
Project("{FAE04EC0-301F-11D3-BF4B-00C04F79EFBC}") = "CleanArchitecture.Infrastructure", "ShopList\src\CleanArchitecture.Infrastructure\CleanArchitecture.Infrastructure.csproj", "{4894435B-6264-4B55-AC75-D7A6E799A71C}"
EndProject
Project("{FAE04EC0-301F-11D3-BF4B-00C04F79EFBC}") = "CleanArchitecture.Web", "ShopList\src\CleanArchitecture.Web\CleanArchitecture.Web.csproj", "{4D572955-506A-4C40-A809-CDD91272ECB1}"
EndProject
Project("{FAE04EC0-301F-11D3-BF4B-00C04F79EFBC}") = "CleanArchitecture.Tests", "ShopList\tests\CleanArchitecture.Tests\CleanArchitecture.Tests.csproj", "{CE2C21CF-ADD1-4B76-B927-89C74016920C}"
EndProject
Global
	GlobalSection(SolutionConfigurationPlatforms) = preSolution
		Debug|Any CPU = Debug|Any CPU
		Release|Any CPU = Release|Any CPU
	EndGlobalSection
	GlobalSection(ProjectConfigurationPlatforms) = postSolution
		{5BD435E8-8FF2-49D9-BE28-15EAED4BF3E6}.Debug|Any CPU.ActiveCfg = Debug|Any CPU
		{5BD435E8-8FF2-49D9-BE28-15EAED4BF3E6}.Debug|Any CPU.Build.0 = Debug|Any CPU
		{5BD435E8-8FF2-49D9-BE28-15EAED4BF3E6}.Release|Any CPU.ActiveCfg = Release|Any CPU
		{5BD435E8-8FF2-49D9-BE28-15EAED4BF3E6}.Release|Any CPU.Build.0 = Release|Any CPU
		{4894435B-6264-4B55-AC75-D7A6E799A71C}.Debug|Any CPU.ActiveCfg = Debug|Any CPU
		{4894435B-6264-4B55-AC75-D7A6E799A71C}.Debug|Any CPU.Build.0 = Debug|Any CPU
		{4894435B-6264-4B55-AC75-D7A6E799A71C}.Release|Any CPU.ActiveCfg = Release|Any CPU
		{4894435B-6264-4B55-AC75-D7A6E799A71C}.Release|Any CPU.Build.0 = Release|Any CPU
		{4D572955-506A-4C40-A809-CDD91272ECB1}.Debug|Any CPU.ActiveCfg = Debug|Any CPU
		{4D572955-506A-4C40-A809-CDD91272ECB1}.Debug|Any CPU.Build.0 = Debug|Any CPU
		{4D572955-506A-4C40-A809-CDD91272ECB1}.Release|Any CPU.ActiveCfg = Release|Any CPU
		{4D572955-506A-4C40-A809-CDD91272ECB1}.Release|Any CPU.Build.0 = Release|Any CPU
		{CE2C21CF-ADD1-4B76-B927-89C74016920C}.Debug|Any CPU.ActiveCfg = Debug|Any CPU
		{CE2C21CF-ADD1-4B76-B927-89C74016920C}.Debug|Any CPU.Build.0 = Debug|Any CPU
		{CE2C21CF-ADD1-4B76-B927-89C74016920C}.Release|Any CPU.ActiveCfg = Release|Any CPU
		{CE2C21CF-ADD1-4B76-B927-89C74016920C}.Release|Any CPU.Build.0 = Release|Any CPU
	EndGlobalSection
	GlobalSection(SolutionProperties) = preSolution
		HideSolutionNode = FALSE
	EndGlobalSection
	GlobalSection(ExtensibilityGlobals) = postSolution
		SolutionGuid = {D663AF53-2F64-40CC-B81B-19A256E28839}
	EndGlobalSection
EndGlobal
